{
  "name": "choi3179.github.io",
  "lockfileVersion": 3,
  "requires": true,
  "packages": {
    "": {
      "dependencies": {
        "pysatellite": "^0.4.0"
      }
    },
    "node_modules/pysatellite": {
      "version": "0.4.0",
      "resolved": "https://registry.npmjs.org/pysatellite/-/pysatellite-0.4.0.tgz",
      "integrity": "sha512-qOPMy+XAAeaCEazi9MZBmsUfH7+kRPmQj3V2qyB96T1hR3vOqKN5sxx6VBSqj8ur8qKXiy5WjVC3bPzi0Kfhng==",
      "bin": {
        "pysatellite": "index.js"
      }
    }
  }
}
